// !$*UTF8*$!
{
	archiveVersion = 1;
	classes = {
	};
	objectVersion = 46;
	objects = {

/* Begin PBXBuildFile section */
		366815C11E2D542F00CA7739 /* WeatherData.swift in Sources */ = {isa = PBXBuildFile; fileRef = 366815C01E2D542F00CA7739 /* WeatherData.swift */; };
		36D540BA1E2C892A00B1DBAB /* AppDelegate.swift in Sources */ = {isa = PBXBuildFile; fileRef = 36D540B91E2C892A00B1DBAB /* AppDelegate.swift */; };
		36D540BC1E2C892A00B1DBAB /* ViewController.swift in Sources */ = {isa = PBXBuildFile; fileRef = 36D540BB1E2C892A00B1DBAB /* ViewController.swift */; };
		36D540BF1E2C892A00B1DBAB /* Main.storyboard in Resources */ = {isa = PBXBuildFile; fileRef = 36D540BD1E2C892A00B1DBAB /* Main.storyboard */; };
		36D540C21E2C892A00B1DBAB /* HomeWeather.xcdatamodeld in Sources */ = {isa = PBXBuildFile; fileRef = 36D540C01E2C892A00B1DBAB /* HomeWeather.xcdatamodeld */; };
		36D540C41E2C892A00B1DBAB /* Assets.xcassets in Resources */ = {isa = PBXBuildFile; fileRef = 36D540C31E2C892A00B1DBAB /* Assets.xcassets */; };
		36D540C71E2C892A00B1DBAB /* LaunchScreen.storyboard in Resources */ = {isa = PBXBuildFile; fileRef = 36D540C51E2C892A00B1DBAB /* LaunchScreen.storyboard */; };
		F8A24A874C887864662B9D6B /* Pods_HomeWeather.framework in Frameworks */ = {isa = PBXBuildFile; fileRef = 4108E8FD776F87CDDF225A75 /* Pods_HomeWeather.framework */; };
/* End PBXBuildFile section */

/* Begin PBXFileReference section */
		360A4A291E2C910C00D438F1 /* HomeWeather-Bridging-Header.h */ = {isa = PBXFileReference; lastKnownFileType = sourcecode.c.h; path = "HomeWeather-Bridging-Header.h"; sourceTree = "<group>"; };
		366815C01E2D542F00CA7739 /* WeatherData.swift */ = {isa = PBXFileReference; fileEncoding = 4; lastKnownFileType = sourcecode.swift; path = WeatherData.swift; sourceTree = "<group>"; };
		36B8BFE01E2C917E0096E3B0 /* libPubNub.a */ = {isa = PBXFileReference; lastKnownFileType = archive.ar; name = libPubNub.a; path = "Pods/../build/Debug-iphoneos/PubNub/libPubNub.a"; sourceTree = "<group>"; };
		36D540B61E2C892A00B1DBAB /* HomeWeather.app */ = {isa = PBXFileReference; explicitFileType = wrapper.application; includeInIndex = 0; path = HomeWeather.app; sourceTree = BUILT_PRODUCTS_DIR; };
		36D540B91E2C892A00B1DBAB /* AppDelegate.swift */ = {isa = PBXFileReference; lastKnownFileType = sourcecode.swift; path = AppDelegate.swift; sourceTree = "<group>"; };
		36D540BB1E2C892A00B1DBAB /* ViewController.swift */ = {isa = PBXFileReference; lastKnownFileType = sourcecode.swift; path = ViewController.swift; sourceTree = "<group>"; };
		36D540BE1E2C892A00B1DBAB /* Base */ = {isa = PBXFileReference; lastKnownFileType = file.storyboard; name = Base; path = Base.lproj/Main.storyboard; sourceTree = "<group>"; };
		36D540C11E2C892A00B1DBAB /* HomeWeather.xcdatamodel */ = {isa = PBXFileReference; lastKnownFileType = wrapper.xcdatamodel; path = HomeWeather.xcdatamodel; sourceTree = "<group>"; };
		36D540C31E2C892A00B1DBAB /* Assets.xcassets */ = {isa = PBXFileReference; lastKnownFileType = folder.assetcatalog; path = Assets.xcassets; sourceTree = "<group>"; };
		36D540C61E2C892A00B1DBAB /* Base */ = {isa = PBXFileReference; lastKnownFileType = file.storyboard; name = Base; path = Base.lproj/LaunchScreen.storyboard; sourceTree = "<group>"; };
		36D540C81E2C892A00B1DBAB /* Info.plist */ = {isa = PBXFileReference; lastKnownFileType = text.plist.xml; path = Info.plist; sourceTree = "<group>"; };
		4108E8FD776F87CDDF225A75 /* Pods_HomeWeather.framework */ = {isa = PBXFileReference; explicitFileType = wrapper.framework; includeInIndex = 0; path = Pods_HomeWeather.framework; sourceTree = BUILT_PRODUCTS_DIR; };
		448B87D995638CC972CBB37F /* Pods-HomeWeather.release.xcconfig */ = {isa = PBXFileReference; includeInIndex = 1; lastKnownFileType = text.xcconfig; name = "Pods-HomeWeather.release.xcconfig"; path = "Pods/Target Support Files/Pods-HomeWeather/Pods-HomeWeather.release.xcconfig"; sourceTree = "<group>"; };
		66F45E622F9396A3FC936512 /* Pods-HomeWeather.debug.xcconfig */ = {isa = PBXFileReference; includeInIndex = 1; lastKnownFileType = text.xcconfig; name = "Pods-HomeWeather.debug.xcconfig"; path = "Pods/Target Support Files/Pods-HomeWeather/Pods-HomeWeather.debug.xcconfig"; sourceTree = "<group>"; };
/* End PBXFileReference section */

/* Begin PBXFrameworksBuildPhase section */
		36D540B31E2C892A00B1DBAB /* Frameworks */ = {
			isa = PBXFrameworksBuildPhase;
			buildActionMask = 2147483647;
			files = (
				F8A24A874C887864662B9D6B /* Pods_HomeWeather.framework in Frameworks */,
			);
			runOnlyForDeploymentPostprocessing = 0;
		};
/* End PBXFrameworksBuildPhase section */

/* Begin PBXGroup section */
		2233FAC3F4630476F8997BC8 /* Pods */ = {
			isa = PBXGroup;
			children = (
				66F45E622F9396A3FC936512 /* Pods-HomeWeather.debug.xcconfig */,
				448B87D995638CC972CBB37F /* Pods-HomeWeather.release.xcconfig */,
			);
			name = Pods;
			sourceTree = "<group>";
		};
		249EE9FDE9B6692C94161295 /* Frameworks */ = {
			isa = PBXGroup;
			children = (
				36B8BFE01E2C917E0096E3B0 /* libPubNub.a */,
				4108E8FD776F87CDDF225A75 /* Pods_HomeWeather.framework */,
			);
			name = Frameworks;
			sourceTree = "<group>";
		};
		36D540AD1E2C892A00B1DBAB = {
			isa = PBXGroup;
			children = (
				36D540B81E2C892A00B1DBAB /* HomeWeather */,
				36D540B71E2C892A00B1DBAB /* Products */,
				2233FAC3F4630476F8997BC8 /* Pods */,
				249EE9FDE9B6692C94161295 /* Frameworks */,
			);
			sourceTree = "<group>";
		};
		36D540B71E2C892A00B1DBAB /* Products */ = {
			isa = PBXGroup;
			children = (
				36D540B61E2C892A00B1DBAB /* HomeWeather.app */,
			);
			name = Products;
			sourceTree = "<group>";
		};
		36D540B81E2C892A00B1DBAB /* HomeWeather */ = {
			isa = PBXGroup;
			children = (
				36D540B91E2C892A00B1DBAB /* AppDelegate.swift */,
				366815C01E2D542F00CA7739 /* WeatherData.swift */,
				36D540BB1E2C892A00B1DBAB /* ViewController.swift */,
				36D540BD1E2C892A00B1DBAB /* Main.storyboard */,
				36D540C31E2C892A00B1DBAB /* Assets.xcassets */,
				36D540C51E2C892A00B1DBAB /* LaunchScreen.storyboard */,
				36D540C81E2C892A00B1DBAB /* Info.plist */,
				36D540C01E2C892A00B1DBAB /* HomeWeather.xcdatamodeld */,
				360A4A291E2C910C00D438F1 /* HomeWeather-Bridging-Header.h */,
			);
			path = HomeWeather;
			sourceTree = "<group>";
		};
/* End PBXGroup section */

/* Begin PBXNativeTarget section */
		36D540B51E2C892A00B1DBAB /* HomeWeather */ = {
			isa = PBXNativeTarget;
			buildConfigurationList = 36D540CB1E2C892A00B1DBAB /* Build configuration list for PBXNativeTarget "HomeWeather" */;
			buildPhases = (
				882D246F67FD151AC1693A21 /* [CP] Check Pods Manifest.lock */,
				36D540B21E2C892A00B1DBAB /* Sources */,
				36D540B31E2C892A00B1DBAB /* Frameworks */,
				36D540B41E2C892A00B1DBAB /* Resources */,
				B872205412A721F3C7AAA8AB /* [CP] Embed Pods Frameworks */,
				2E3A1866510DBB890D0852E1 /* [CP] Copy Pods Resources */,
			);
			buildRules = (
			);
			dependencies = (
			);
			name = HomeWeather;
			productName = HomeWeather;
			productReference = 36D540B61E2C892A00B1DBAB /* HomeWeather.app */;
			productType = "com.apple.product-type.application";
		};
/* End PBXNativeTarget section */

/* Begin PBXProject section */
		36D540AE1E2C892A00B1DBAB /* Project object */ = {
			isa = PBXProject;
			attributes = {
				LastSwiftUpdateCheck = 0820;
				LastUpgradeCheck = 0820;
				ORGANIZATIONNAME = AilienSpace;
				TargetAttributes = {
					36D540B51E2C892A00B1DBAB = {
						CreatedOnToolsVersion = 8.2;
						DevelopmentTeam = 4638P5H7Z3;
						ProvisioningStyle = Automatic;
					};
				};
			};
			buildConfigurationList = 36D540B11E2C892A00B1DBAB /* Build configuration list for PBXProject "HomeWeather" */;
			compatibilityVersion = "Xcode 3.2";
			developmentRegion = English;
			hasScannedForEncodings = 0;
			knownRegions = (
				en,
				Base,
			);
			mainGroup = 36D540AD1E2C892A00B1DBAB;
			productRefGroup = 36D540B71E2C892A00B1DBAB /* Products */;
			projectDirPath = "";
			projectRoot = "";
			targets = (
				36D540B51E2C892A00B1DBAB /* HomeWeather */,
			);
		};
/* End PBXProject section */

/* Begin PBXResourcesBuildPhase section */
		36D540B41E2C892A00B1DBAB /* Resources */ = {
			isa = PBXResourcesBuildPhase;
			buildActionMask = 2147483647;
			files = (
				36D540C71E2C892A00B1DBAB /* LaunchScreen.storyboard in Resources */,
				36D540C41E2C892A00B1DBAB /* Assets.xcassets in Resources */,
				36D540BF1E2C892A00B1DBAB /* Main.storyboard in Resources */,
			);
			runOnlyForDeploymentPostprocessing = 0;
		};
/* End PBXResourcesBuildPhase section */

/* Begin PBXShellScriptBuildPhase section */
		2E3A1866510DBB890D0852E1 /* [CP] Copy Pods Resources */ = {
			isa = PBXShellScriptBuildPhase;
			buildActionMask = 2147483647;
			files = (
			);
			inputPaths = (
			);
			name = "[CP] Copy Pods Resources";
			outputPaths = (
			);
			runOnlyForDeploymentPostprocessing = 0;
			shellPath = /bin/sh;
			shellScript = "\"${SRCROOT}/Pods/Target Support Files/Pods-HomeWeather/Pods-HomeWeather-resources.sh\"\n";
			showEnvVarsInLog = 0;
		};
		882D246F67FD151AC1693A21 /* [CP] Check Pods Manifest.lock */ = {
			isa = PBXShellScriptBuildPhase;
			buildActionMask = 2147483647;
			files = (
			);
			inputPaths = (
			);
			name = "[CP] Check Pods Manifest.lock";
			outputPaths = (
			);
			runOnlyForDeploymentPostprocessing = 0;
			shellPath = /bin/sh;
			shellScript = "diff \"${PODS_ROOT}/../Podfile.lock\" \"${PODS_ROOT}/Manifest.lock\" > /dev/null\nif [ $? != 0 ] ; then\n    # print error to STDERR\n    echo \"error: The sandbox is not in sync with the Podfile.lock. Run 'pod install' or update your CocoaPods installation.\" >&2\n    exit 1\nfi\n";
			showEnvVarsInLog = 0;
		};
		B872205412A721F3C7AAA8AB /* [CP] Embed Pods Frameworks */ = {
			isa = PBXShellScriptBuildPhase;
			buildActionMask = 2147483647;
			files = (
			);
			inputPaths = (
			);
			name = "[CP] Embed Pods Frameworks";
			outputPaths = (
			);
			runOnlyForDeploymentPostprocessing = 0;
			shellPath = /bin/sh;
			shellScript = "\"${SRCROOT}/Pods/Target Support Files/Pods-HomeWeather/Pods-HomeWeather-frameworks.sh\"\n";
			showEnvVarsInLog = 0;
		};
/* End PBXShellScriptBuildPhase section */

/* Begin PBXSourcesBuildPhase section */
		36D540B21E2C892A00B1DBAB /* Sources */ = {
			isa = PBXSourcesBuildPhase;
			buildActionMask = 2147483647;
			files = (
				36D540BC1E2C892A00B1DBAB /* ViewController.swift in Sources */,
				36D540C21E2C892A00B1DBAB /* HomeWeather.xcdatamodeld in Sources */,
				366815C11E2D542F00CA7739 /* WeatherData.swift in Sources */,
				36D540BA1E2C892A00B1DBAB /* AppDelegate.swift in Sources */,
			);
			runOnlyForDeploymentPostprocessing = 0;
		};
/* End PBXSourcesBuildPhase section */

/* Begin PBXVariantGroup section */
		36D540BD1E2C892A00B1DBAB /* Main.storyboard */ = {
			isa = PBXVariantGroup;
			children = (
				36D540BE1E2C892A00B1DBAB /* Base */,
			);
			name = Main.storyboard;
			sourceTree = "<group>";
		};
		36D540C51E2C892A00B1DBAB /* LaunchScreen.storyboard */ = {
			isa = PBXVariantGroup;
			children = (
				36D540C61E2C892A00B1DBAB /* Base */,
			);
			name = LaunchScreen.storyboard;
			sourceTree = "<group>";
		};
/* End PBXVariantGroup section */

/* Begin XCBuildConfiguration section */
		36D540C91E2C892A00B1DBAB /* Debug */ = {
			isa = XCBuildConfiguration;
			buildSettings = {
				ALWAYS_SEARCH_USER_PATHS = NO;
				CLANG_ANALYZER_NONNULL = YES;
				CLANG_CXX_LANGUAGE_STANDARD = "gnu++0x";
				CLANG_CXX_LIBRARY = "libc++";
				CLANG_ENABLE_MODULES = YES;
				CLANG_ENABLE_OBJC_ARC = YES;
				CLANG_WARN_BOOL_CONVERSION = YES;
				CLANG_WARN_CONSTANT_CONVERSION = YES;
				CLANG_WARN_DIRECT_OBJC_ISA_USAGE = YES_ERROR;
				CLANG_WARN_DOCUMENTATION_COMMENTS = YES;
				CLANG_WARN_EMPTY_BODY = YES;
				CLANG_WARN_ENUM_CONVERSION = YES;
				CLANG_WARN_INFINITE_RECURSION = YES;
				CLANG_WARN_INT_CONVERSION = YES;
				CLANG_WARN_OBJC_ROOT_CLASS = YES_ERROR;
				CLANG_WARN_SUSPICIOUS_MOVE = YES;
				CLANG_WARN_UNREACHABLE_CODE = YES;
				CLANG_WARN__DUPLICATE_METHOD_MATCH = YES;
				"CODE_SIGN_IDENTITY[sdk=iphoneos*]" = "iPhone Developer";
				COPY_PHASE_STRIP = NO;
				DEBUG_INFORMATION_FORMAT = dwarf;
				ENABLE_STRICT_OBJC_MSGSEND = YES;
				ENABLE_TESTABILITY = YES;
				GCC_C_LANGUAGE_STANDARD = gnu99;
				GCC_DYNAMIC_NO_PIC = NO;
				GCC_NO_COMMON_BLOCKS = YES;
				GCC_OPTIMIZATION_LEVEL = 0;
				GCC_PREPROCESSOR_DEFINITIONS = (
					"DEBUG=1",
					"$(inherited)",
				);
				GCC_WARN_64_TO_32_BIT_CONVERSION = YES;
				GCC_WARN_ABOUT_RETURN_TYPE = YES_ERROR;
				GCC_WARN_UNDECLARED_SELECTOR = YES;
				GCC_WARN_UNINITIALIZED_AUTOS = YES_AGGRESSIVE;
				GCC_WARN_UNUSED_FUNCTION = YES;
				GCC_WARN_UNUSED_VARIABLE = YES;
				IPHONEOS_DEPLOYMENT_TARGET = 10.2;
				MTL_ENABLE_DEBUG_INFO = YES;
				ONLY_ACTIVE_ARCH = YES;
				SDKROOT = iphoneos;
				SWIFT_ACTIVE_COMPILATION_CONDITIONS = DEBUG;
				SWIFT_OPTIMIZATION_LEVEL = "-Onone";
				TARGETED_DEVICE_FAMILY = "1,2";
			};
			name = Debug;
		};
		36D540CA1E2C892A00B1DBAB /* Release */ = {
			isa = XCBuildConfiguration;
			buildSettings = {
				ALWAYS_SEARCH_USER_PATHS = NO;
				CLANG_ANALYZER_NONNULL = YES;
				CLANG_CXX_LANGUAGE_STANDARD = "gnu++0x";
				CLANG_CXX_LIBRARY = "libc++";
				CLANG_ENABLE_MODULES = YES;
				CLANG_ENABLE_OBJC_ARC = YES;
				CLANG_WARN_BOOL_CONVERSION = YES;
				CLANG_WARN_CONSTANT_CONVERSION = YES;
				CLANG_WARN_DIRECT_OBJC_ISA_USAGE = YES_ERROR;
				CLANG_WARN_DOCUMENTATION_COMMENTS = YES;
				CLANG_WARN_EMPTY_BODY = YES;
				CLANG_WARN_ENUM_CONVERSION = YES;
				CLANG_WARN_INFINITE_RECURSION = YES;
				CLANG_WARN_INT_CONVERSION = YES;
				CLANG_WARN_OBJC_ROOT_CLASS = YES_ERROR;
				CLANG_WARN_SUSPICIOUS_MOVE = YES;
				CLANG_WARN_UNREACHABLE_CODE = YES;
				CLANG_WARN__DUPLICATE_METHOD_MATCH = YES;
				"CODE_SIGN_IDENTITY[sdk=iphoneos*]" = "iPhone Developer";
				COPY_PHASE_STRIP = NO;
				DEBUG_INFORMATION_FORMAT = "dwarf-with-dsym";
				ENABLE_NS_ASSERTIONS = NO;
				ENABLE_STRICT_OBJC_MSGSEND = YES;
				GCC_C_LANGUAGE_STANDARD = gnu99;
				GCC_NO_COMMON_BLOCKS = YES;
				GCC_WARN_64_TO_32_BIT_CONVERSION = YES;
				GCC_WARN_ABOUT_RETURN_TYPE = YES_ERROR;
				GCC_WARN_UNDECLARED_SELECTOR = YES;
				GCC_WARN_UNINITIALIZED_AUTOS = YES_AGGRESSIVE;
				GCC_WARN_UNUSED_FUNCTION = YES;
				GCC_WARN_UNUSED_VARIABLE = YES;
				IPHONEOS_DEPLOYMENT_TARGET = 10.2;
				MTL_ENABLE_DEBUG_INFO = NO;
				SDKROOT = iphoneos;
				SWIFT_OPTIMIZATION_LEVEL = "-Owholemodule";
				TARGETED_DEVICE_FAMILY = "1,2";
				VALIDATE_PRODUCT = YES;
			};
			name = Release;
		};
		36D540CC1E2C892A00B1DBAB /* Debug */ = {
			isa = XCBuildConfiguration;
			baseConfigurationReference = 66F45E622F9396A3FC936512 /* Pods-HomeWeather.debug.xcconfig */;
			buildSettings = {
				ASSETCATALOG_COMPILER_APPICON_NAME = AppIcon;
				DEVELOPMENT_TEAM = 4638P5H7Z3;
				INFOPLIST_FILE = HomeWeather/Info.plist;
				LD_RUNPATH_SEARCH_PATHS = "$(inherited) @executable_path/Frameworks";
				LIBRARY_SEARCH_PATHS = (
					"$(inherited)",
					"$(PROJECT_DIR)/build/Debug-iphoneos/PubNub",
				);
				PRODUCT_BUNDLE_IDENTIFIER = com.ailienspace.HomeWeather;
				PRODUCT_NAME = "$(TARGET_NAME)";
				SWIFT_OBJC_BRIDGING_HEADER = "HomeWeather/HomeWeather-Bridging-Header.h";
				SWIFT_VERSION = 3.0;
			};
			name = Debug;
		};
		36D540CD1E2C892A00B1DBAB /* Release */ = {
			isa = XCBuildConfiguration;
			baseConfigurationReference = 448B87D995638CC972CBB37F /* Pods-HomeWeather.release.xcconfig */;
			buildSettings = {
				ASSETCATALOG_COMPILER_APPICON_NAME = AppIcon;
				DEVELOPMENT_TEAM = 4638P5H7Z3;
				INFOPLIST_FILE = HomeWeather/Info.plist;
				LD_RUNPATH_SEARCH_PATHS = "$(inherited) @executable_path/Frameworks";
				LIBRARY_SEARCH_PATHS = (
					"$(inherited)",
					"$(PROJECT_DIR)/build/Debug-iphoneos/PubNub",
				);
				PRODUCT_BUNDLE_IDENTIFIER = com.ailienspace.HomeWeather;
				PRODUCT_NAME = "$(TARGET_NAME)";
				SWIFT_OBJC_BRIDGING_HEADER = "HomeWeather/HomeWeather-Bridging-Header.h";
				SWIFT_VERSION = 3.0;
			};
			name = Release;
		};
/* End XCBuildConfiguration section */

/* Begin XCConfigurationList section */
		36D540B11E2C892A00B1DBAB /* Build configuration list for PBXProject "HomeWeather" */ = {
			isa = XCConfigurationList;
			buildConfigurations = (
				36D540C91E2C892A00B1DBAB /* Debug */,
				36D540CA1E2C892A00B1DBAB /* Release */,
			);
			defaultConfigurationIsVisible = 0;
			defaultConfigurationName = Release;
		};
		36D540CB1E2C892A00B1DBAB /* Build configuration list for PBXNativeTarget "HomeWeather" */ = {
			isa = XCConfigurationList;
			buildConfigurations = (
				36D540CC1E2C892A00B1DBAB /* Debug */,
				36D540CD1E2C892A00B1DBAB /* Release */,
			);
			defaultConfigurationIsVisible = 0;
			defaultConfigurationName = Release;
		};
/* End XCConfigurationList section */

/* Begin XCVersionGroup section */
		36D540C01E2C892A00B1DBAB /* HomeWeather.xcdatamodeld */ = {
			isa = XCVersionGroup;
			children = (
				36D540C11E2C892A00B1DBAB /* HomeWeather.xcdatamodel */,
			);
			currentVersion = 36D540C11E2C892A00B1DBAB /* HomeWeather.xcdatamodel */;
			path = HomeWeather.xcdatamodeld;
			sourceTree = "<group>";
			versionGroupType = wrapper.xcdatamodel;
		};
/* End XCVersionGroup section */
	};
	rootObject = 36D540AE1E2C892A00B1DBAB /* Project object */;
}
